// !$*UTF8*$!
{
	archiveVersion = 1;
	classes = {
	};
	objectVersion = 56;
	objects = {

/* Begin PBXBuildFile section */
		176E7F1E25380CAF00602020 /* Colors.xcassets in Resources */ = {isa = PBXBuildFile; fileRef = 176E7F1D25380CAF00602020 /* Colors.xcassets */; };
		176E7F2C253A13AB00602020 /* SplashView.swift in Sources */ = {isa = PBXBuildFile; fileRef = 176E7F2B253A13AA00602020 /* SplashView.swift */; };
		1D0597C9289429B200AFE2C7 /* pianoNotes.plist in Resources */ = {isa = PBXBuildFile; fileRef = 1D0597C8289429B200AFE2C7 /* pianoNotes.plist */; };
		1D2A6D3628C361E4006C0A49 /* StoreView.swift in Sources */ = {isa = PBXBuildFile; fileRef = 1D2A6D3528C361E4006C0A49 /* StoreView.swift */; };
		1D2A6D3828C362CE006C0A49 /* ProductDetailView.swift in Sources */ = {isa = PBXBuildFile; fileRef = 1D2A6D3728C362CE006C0A49 /* ProductDetailView.swift */; };
		1D2A6D3A28C362DD006C0A49 /* ListCellView.swift in Sources */ = {isa = PBXBuildFile; fileRef = 1D2A6D3928C362DD006C0A49 /* ListCellView.swift */; };
		1D2A6D3C28C362EF006C0A49 /* Store.swift in Sources */ = {isa = PBXBuildFile; fileRef = 1D2A6D3B28C362EF006C0A49 /* Store.swift */; };
		1D2A6D3E28C362F9006C0A49 /* BuyButtonStyle.swift in Sources */ = {isa = PBXBuildFile; fileRef = 1D2A6D3D28C362F9006C0A49 /* BuyButtonStyle.swift */; };
		1D2A6D4128C370DE006C0A49 /* Descriptions.plist in Resources */ = {isa = PBXBuildFile; fileRef = 1D2A6D3F28C370DE006C0A49 /* Descriptions.plist */; };
		1D2A6D4428C372CC006C0A49 /* Products.plist in Resources */ = {isa = PBXBuildFile; fileRef = 1D2A6D4328C372CC006C0A49 /* Products.plist */; };
		1D2A6D4628C373EF006C0A49 /* Products.storekit in Resources */ = {isa = PBXBuildFile; fileRef = 1D2A6D4528C373EF006C0A49 /* Products.storekit */; };
		1D2A6D4828C3CC28006C0A49 /* OrientationExt.swift in Sources */ = {isa = PBXBuildFile; fileRef = 1D2A6D4728C3CC28006C0A49 /* OrientationExt.swift */; };
		1D2E96E828C750A700B68342 /* HelpView.swift in Sources */ = {isa = PBXBuildFile; fileRef = 1D2E96E728C750A700B68342 /* HelpView.swift */; };
		1D3800E9295C888D00F5230D /* TunerConductor1.swift in Sources */ = {isa = PBXBuildFile; fileRef = 1D3800E7295C884A00F5230D /* TunerConductor1.swift */; };
		1D45BE0128C8AD2500823044 /* StatusInfoView.swift in Sources */ = {isa = PBXBuildFile; fileRef = 1D45BDFF28C8AD2500823044 /* StatusInfoView.swift */; };
		1D45BE0228C8AD2500823044 /* SubscriptionsView.swift in Sources */ = {isa = PBXBuildFile; fileRef = 1D45BE0028C8AD2500823044 /* SubscriptionsView.swift */; };
		1D692FCF28D384DD0084CBCD /* HarmonicaToolkit.entitlements in Resources */ = {isa = PBXBuildFile; fileRef = C4A2F2C3253D45D4007C1032 /* HarmonicaToolkit.entitlements */; };
		1D7CB7C92898592E005BFF68 /* BannerAdsView.swift in Sources */ = {isa = PBXBuildFile; fileRef = 1D7CB7C82898592E005BFF68 /* BannerAdsView.swift */; };
		1D7DF65E295B0DFC00D33FE1 /* BespokePitchTap.swift in Sources */ = {isa = PBXBuildFile; fileRef = 1D7DF65D295B0DFC00D33FE1 /* BespokePitchTap.swift */; };
		1D8384D628C348D20046C017 /* GridView.swift in Sources */ = {isa = PBXBuildFile; fileRef = 1D8384D528C348D20046C017 /* GridView.swift */; };
		1D8384D828C3491C0046C017 /* setupParams.swift in Sources */ = {isa = PBXBuildFile; fileRef = 1D8384D728C3491C0046C017 /* setupParams.swift */; };
		1DA35E0528CD0FF500969FB4 /* AudioKit in Frameworks */ = {isa = PBXBuildFile; productRef = 1DA35E0428CD0FF500969FB4 /* AudioKit */; };
		1DA35E0828CD100A00969FB4 /* AudioKitEX in Frameworks */ = {isa = PBXBuildFile; productRef = 1DA35E0728CD100A00969FB4 /* AudioKitEX */; };
		1DA35E0B28CD102600969FB4 /* DunneAudioKit in Frameworks */ = {isa = PBXBuildFile; productRef = 1DA35E0A28CD102600969FB4 /* DunneAudioKit */; };
		1DA35E0E28CD104100969FB4 /* SoundpipeAudioKit in Frameworks */ = {isa = PBXBuildFile; productRef = 1DA35E0D28CD104100969FB4 /* SoundpipeAudioKit */; };
		1DA35E1128CD105A00969FB4 /* SporthAudioKit in Frameworks */ = {isa = PBXBuildFile; productRef = 1DA35E1028CD105A00969FB4 /* SporthAudioKit */; };
		1DA35E1428CD109300969FB4 /* GoogleMobileAds in Frameworks */ = {isa = PBXBuildFile; productRef = 1DA35E1328CD109300969FB4 /* GoogleMobileAds */; };
		1DB54A58286E364800AE5FF0 /* Wingdings2.ttf in Resources */ = {isa = PBXBuildFile; fileRef = 1DB54A57286E364800AE5FF0 /* Wingdings2.ttf */; };
		1DB88B0828C53FB400A1CBA4 /* SubscriptionInfoSheetView.swift in Sources */ = {isa = PBXBuildFile; fileRef = 1DB88B0728C53FB400A1CBA4 /* SubscriptionInfoSheetView.swift */; };
		1DC0D4C3295DF629005AAB14 /* MasterView.swift in Sources */ = {isa = PBXBuildFile; fileRef = 1DC0D4C2295DF60A005AAB14 /* MasterView.swift */; };
		1DE536B22868A19F001FB927 /* richterHarmonica.plist in Resources */ = {isa = PBXBuildFile; fileRef = 1DE536B12868A19F001FB927 /* richterHarmonica.plist */; };
		6350E7CD27A9360200D0F510 /* KeyboardView.swift in Sources */ = {isa = PBXBuildFile; fileRef = 6350E7CC27A9360200D0F510 /* KeyboardView.swift */; };
		C446DE482528D8E600138D0A /* AppDelegate.swift in Sources */ = {isa = PBXBuildFile; fileRef = C446DE472528D8E600138D0A /* AppDelegate.swift */; };
		C446DE4C2528D8E600138D0A /* ContentView.swift in Sources */ = {isa = PBXBuildFile; fileRef = C446DE4B2528D8E600138D0A /* ContentView.swift */; };
		C446DE4E2528D8E700138D0A /* Assets.xcassets in Resources */ = {isa = PBXBuildFile; fileRef = C446DE4D2528D8E700138D0A /* Assets.xcassets */; };
		C446DF032528D9CA00138D0A /* TunerView.swift in Sources */ = {isa = PBXBuildFile; fileRef = C446DEA12528D9CA00138D0A /* TunerView.swift */; };
		CE757CC2295F25390011420E /* InterfaceButtonView.swift in Sources */ = {isa = PBXBuildFile; fileRef = CE757CC1295F25390011420E /* InterfaceButtonView.swift */; };
		CE757CC4295F263E0011420E /* ButtonArray.swift in Sources */ = {isa = PBXBuildFile; fileRef = CE757CC3295F263E0011420E /* ButtonArray.swift */; };
		CE757CC6295F26CA0011420E /* ButtonDefinitions.swift in Sources */ = {isa = PBXBuildFile; fileRef = CE757CC5295F26CA0011420E /* ButtonDefinitions.swift */; };
		CE8DCF60295F6059001972D4 /* HarmonicaToolkitTests.swift in Sources */ = {isa = PBXBuildFile; fileRef = CE8DCF5F295F6059001972D4 /* HarmonicaToolkitTests.swift */; };
		CE8DCF67295F626B001972D4 /* AudioKit in Frameworks */ = {isa = PBXBuildFile; productRef = CE8DCF66295F626B001972D4 /* AudioKit */; };
		CE8DCF69295F6270001972D4 /* AudioKitEX in Frameworks */ = {isa = PBXBuildFile; productRef = CE8DCF68295F6270001972D4 /* AudioKitEX */; };
		CE8DCF6B295F6274001972D4 /* SoundpipeAudioKit in Frameworks */ = {isa = PBXBuildFile; productRef = CE8DCF6A295F6274001972D4 /* SoundpipeAudioKit */; };
		CE8DCF6C295F6338001972D4 /* BespokePitchTap.swift in Sources */ = {isa = PBXBuildFile; fileRef = 1D7DF65D295B0DFC00D33FE1 /* BespokePitchTap.swift */; };
/* End PBXBuildFile section */

/* Begin PBXContainerItemProxy section */
		CE8DCF61295F6059001972D4 /* PBXContainerItemProxy */ = {
			isa = PBXContainerItemProxy;
			containerPortal = C446DE3C2528D8E600138D0A /* Project object */;
			proxyType = 1;
			remoteGlobalIDString = C446DE432528D8E600138D0A;
			remoteInfo = HarmonicaToolkit;
		};
/* End PBXContainerItemProxy section */

/* Begin PBXFileReference section */
		176E7F1D25380CAF00602020 /* Colors.xcassets */ = {isa = PBXFileReference; lastKnownFileType = folder.assetcatalog; path = Colors.xcassets; sourceTree = "<group>"; };
		176E7F2B253A13AA00602020 /* SplashView.swift */ = {isa = PBXFileReference; lastKnownFileType = sourcecode.swift; path = SplashView.swift; sourceTree = "<group>"; };
		1D0597C8289429B200AFE2C7 /* pianoNotes.plist */ = {isa = PBXFileReference; fileEncoding = 4; lastKnownFileType = text.plist.xml; path = pianoNotes.plist; sourceTree = "<group>"; };
		1D0597CA2894706C00AFE2C7 /* Apple Symbols Regular.ttf */ = {isa = PBXFileReference; lastKnownFileType = file; path = "Apple Symbols Regular.ttf"; sourceTree = "<group>"; };
		1D2A6D3528C361E4006C0A49 /* StoreView.swift */ = {isa = PBXFileReference; lastKnownFileType = sourcecode.swift; path = StoreView.swift; sourceTree = "<group>"; };
		1D2A6D3728C362CE006C0A49 /* ProductDetailView.swift */ = {isa = PBXFileReference; lastKnownFileType = sourcecode.swift; path = ProductDetailView.swift; sourceTree = "<group>"; };
		1D2A6D3928C362DD006C0A49 /* ListCellView.swift */ = {isa = PBXFileReference; lastKnownFileType = sourcecode.swift; path = ListCellView.swift; sourceTree = "<group>"; };
		1D2A6D3B28C362EF006C0A49 /* Store.swift */ = {isa = PBXFileReference; lastKnownFileType = sourcecode.swift; path = Store.swift; sourceTree = "<group>"; };
		1D2A6D3D28C362F9006C0A49 /* BuyButtonStyle.swift */ = {isa = PBXFileReference; lastKnownFileType = sourcecode.swift; path = BuyButtonStyle.swift; sourceTree = "<group>"; };
		1D2A6D3F28C370DE006C0A49 /* Descriptions.plist */ = {isa = PBXFileReference; fileEncoding = 4; lastKnownFileType = text.plist.xml; path = Descriptions.plist; sourceTree = "<group>"; };
		1D2A6D4328C372CC006C0A49 /* Products.plist */ = {isa = PBXFileReference; fileEncoding = 4; lastKnownFileType = text.plist.xml; path = Products.plist; sourceTree = "<group>"; };
		1D2A6D4528C373EF006C0A49 /* Products.storekit */ = {isa = PBXFileReference; fileEncoding = 4; lastKnownFileType = text; path = Products.storekit; sourceTree = "<group>"; };
		1D2A6D4728C3CC28006C0A49 /* OrientationExt.swift */ = {isa = PBXFileReference; lastKnownFileType = sourcecode.swift; path = OrientationExt.swift; sourceTree = "<group>"; };
		1D2E96E728C750A700B68342 /* HelpView.swift */ = {isa = PBXFileReference; lastKnownFileType = sourcecode.swift; path = HelpView.swift; sourceTree = "<group>"; };
		1D3800E7295C884A00F5230D /* TunerConductor1.swift */ = {isa = PBXFileReference; lastKnownFileType = sourcecode.swift; path = TunerConductor1.swift; sourceTree = "<group>"; };
		1D45BDFF28C8AD2500823044 /* StatusInfoView.swift */ = {isa = PBXFileReference; fileEncoding = 4; lastKnownFileType = sourcecode.swift; path = StatusInfoView.swift; sourceTree = "<group>"; };
		1D45BE0028C8AD2500823044 /* SubscriptionsView.swift */ = {isa = PBXFileReference; fileEncoding = 4; lastKnownFileType = sourcecode.swift; path = SubscriptionsView.swift; sourceTree = "<group>"; };
		1D7CB7C82898592E005BFF68 /* BannerAdsView.swift */ = {isa = PBXFileReference; lastKnownFileType = sourcecode.swift; path = BannerAdsView.swift; sourceTree = "<group>"; };
		1D7DF65D295B0DFC00D33FE1 /* BespokePitchTap.swift */ = {isa = PBXFileReference; fileEncoding = 4; lastKnownFileType = sourcecode.swift; path = BespokePitchTap.swift; sourceTree = "<group>"; };
		1D8384D528C348D20046C017 /* GridView.swift */ = {isa = PBXFileReference; lastKnownFileType = sourcecode.swift; path = GridView.swift; sourceTree = "<group>"; };
		1D8384D728C3491C0046C017 /* setupParams.swift */ = {isa = PBXFileReference; lastKnownFileType = sourcecode.swift; path = setupParams.swift; sourceTree = "<group>"; };
		1DB54A57286E364800AE5FF0 /* Wingdings2.ttf */ = {isa = PBXFileReference; lastKnownFileType = file; path = Wingdings2.ttf; sourceTree = "<group>"; };
		1DB88B0728C53FB400A1CBA4 /* SubscriptionInfoSheetView.swift */ = {isa = PBXFileReference; lastKnownFileType = sourcecode.swift; path = SubscriptionInfoSheetView.swift; sourceTree = "<group>"; };
		1DC0D4C2295DF60A005AAB14 /* MasterView.swift */ = {isa = PBXFileReference; lastKnownFileType = sourcecode.swift; path = MasterView.swift; sourceTree = "<group>"; };
		1DE536B12868A19F001FB927 /* richterHarmonica.plist */ = {isa = PBXFileReference; fileEncoding = 4; lastKnownFileType = text.plist.xml; path = richterHarmonica.plist; sourceTree = "<group>"; };
		6350E7CC27A9360200D0F510 /* KeyboardView.swift */ = {isa = PBXFileReference; lastKnownFileType = sourcecode.swift; path = KeyboardView.swift; sourceTree = "<group>"; };
		C446DE442528D8E600138D0A /* HarmonicaToolkit.app */ = {isa = PBXFileReference; explicitFileType = wrapper.application; includeInIndex = 0; path = HarmonicaToolkit.app; sourceTree = BUILT_PRODUCTS_DIR; };
		C446DE472528D8E600138D0A /* AppDelegate.swift */ = {isa = PBXFileReference; lastKnownFileType = sourcecode.swift; path = AppDelegate.swift; sourceTree = "<group>"; };
		C446DE4B2528D8E600138D0A /* ContentView.swift */ = {isa = PBXFileReference; lastKnownFileType = sourcecode.swift; path = ContentView.swift; sourceTree = "<group>"; };
		C446DE4D2528D8E700138D0A /* Assets.xcassets */ = {isa = PBXFileReference; lastKnownFileType = folder.assetcatalog; path = Assets.xcassets; sourceTree = "<group>"; };
		C446DE552528D8E700138D0A /* Info.plist */ = {isa = PBXFileReference; lastKnownFileType = text.plist.xml; path = Info.plist; sourceTree = "<group>"; };
		C446DE602528D8E800138D0A /* Info.plist */ = {isa = PBXFileReference; lastKnownFileType = text.plist.xml; path = Info.plist; sourceTree = "<group>"; };
		C446DEA12528D9CA00138D0A /* TunerView.swift */ = {isa = PBXFileReference; fileEncoding = 4; lastKnownFileType = sourcecode.swift; path = TunerView.swift; sourceTree = "<group>"; };
		C4A2F2C3253D45D4007C1032 /* HarmonicaToolkit.entitlements */ = {isa = PBXFileReference; lastKnownFileType = text.plist.entitlements; path = HarmonicaToolkit.entitlements; sourceTree = "<group>"; };
		CE757CC1295F25390011420E /* InterfaceButtonView.swift */ = {isa = PBXFileReference; lastKnownFileType = sourcecode.swift; path = InterfaceButtonView.swift; sourceTree = "<group>"; };
		CE757CC3295F263E0011420E /* ButtonArray.swift */ = {isa = PBXFileReference; lastKnownFileType = sourcecode.swift; path = ButtonArray.swift; sourceTree = "<group>"; };
		CE757CC5295F26CA0011420E /* ButtonDefinitions.swift */ = {isa = PBXFileReference; lastKnownFileType = sourcecode.swift; path = ButtonDefinitions.swift; sourceTree = "<group>"; };
		CE8DCF5D295F6059001972D4 /* HarmonicaToolkitTests.xctest */ = {isa = PBXFileReference; explicitFileType = wrapper.cfbundle; includeInIndex = 0; path = HarmonicaToolkitTests.xctest; sourceTree = BUILT_PRODUCTS_DIR; };
		CE8DCF5F295F6059001972D4 /* HarmonicaToolkitTests.swift */ = {isa = PBXFileReference; lastKnownFileType = sourcecode.swift; path = HarmonicaToolkitTests.swift; sourceTree = "<group>"; };
/* End PBXFileReference section */

/* Begin PBXFrameworksBuildPhase section */
		C446DE412528D8E600138D0A /* Frameworks */ = {
			isa = PBXFrameworksBuildPhase;
			buildActionMask = 2147483647;
			files = (
				1DA35E1428CD109300969FB4 /* GoogleMobileAds in Frameworks */,
				1DA35E1128CD105A00969FB4 /* SporthAudioKit in Frameworks */,
				1DA35E0528CD0FF500969FB4 /* AudioKit in Frameworks */,
				1DA35E0828CD100A00969FB4 /* AudioKitEX in Frameworks */,
				1DA35E0E28CD104100969FB4 /* SoundpipeAudioKit in Frameworks */,
				1DA35E0B28CD102600969FB4 /* DunneAudioKit in Frameworks */,
			);
			runOnlyForDeploymentPostprocessing = 0;
		};
		CE8DCF5A295F6059001972D4 /* Frameworks */ = {
			isa = PBXFrameworksBuildPhase;
			buildActionMask = 2147483647;
			files = (
				CE8DCF67295F626B001972D4 /* AudioKit in Frameworks */,
				CE8DCF69295F6270001972D4 /* AudioKitEX in Frameworks */,
				CE8DCF6B295F6274001972D4 /* SoundpipeAudioKit in Frameworks */,
			);
			runOnlyForDeploymentPostprocessing = 0;
		};
/* End PBXFrameworksBuildPhase section */

/* Begin PBXGroup section */
		1D1BC6EB28D37F3F00F672A4 /* App_Resources */ = {
			isa = PBXGroup;
			children = (
				C4A2F2C3253D45D4007C1032 /* HarmonicaToolkit.entitlements */,
			);
			path = App_Resources;
			sourceTree = "<group>";
		};
		1D4903CC28C35A70002BF0B4 /* StoreObjects */ = {
			isa = PBXGroup;
			children = (
			);
			path = StoreObjects;
			sourceTree = "<group>";
		};
		1D53B37428CA1F210075BF90 /* Store */ = {
			isa = PBXGroup;
			children = (
				1D2A6D4528C373EF006C0A49 /* Products.storekit */,
				1D2A6D4328C372CC006C0A49 /* Products.plist */,
				1D2A6D3F28C370DE006C0A49 /* Descriptions.plist */,
				1D2A6D3528C361E4006C0A49 /* StoreView.swift */,
				1D45BE0028C8AD2500823044 /* SubscriptionsView.swift */,
				1DB88B0728C53FB400A1CBA4 /* SubscriptionInfoSheetView.swift */,
				1D2A6D3928C362DD006C0A49 /* ListCellView.swift */,
				1D2A6D3728C362CE006C0A49 /* ProductDetailView.swift */,
				1D45BDFF28C8AD2500823044 /* StatusInfoView.swift */,
				1D2E96E728C750A700B68342 /* HelpView.swift */,
				1D2A6D3D28C362F9006C0A49 /* BuyButtonStyle.swift */,
				1D2A6D3B28C362EF006C0A49 /* Store.swift */,
			);
			path = Store;
			sourceTree = "<group>";
		};
		1D53B37628CA1F480075BF90 /* Tuner */ = {
			isa = PBXGroup;
			children = (
				1DE536B12868A19F001FB927 /* richterHarmonica.plist */,
				1D0597C8289429B200AFE2C7 /* pianoNotes.plist */,
				C446DE472528D8E600138D0A /* AppDelegate.swift */,
				176E7F2B253A13AA00602020 /* SplashView.swift */,
				1DC0D4C2295DF60A005AAB14 /* MasterView.swift */,
				1D3800E7295C884A00F5230D /* TunerConductor1.swift */,
				C446DEA12528D9CA00138D0A /* TunerView.swift */,
				C446DE4B2528D8E600138D0A /* ContentView.swift */,
				6350E7CC27A9360200D0F510 /* KeyboardView.swift */,
				CE757CC1295F25390011420E /* InterfaceButtonView.swift */,
				1D8384D528C348D20046C017 /* GridView.swift */,
				1D7CB7C82898592E005BFF68 /* BannerAdsView.swift */,
				1D2A6D4728C3CC28006C0A49 /* OrientationExt.swift */,
				1D8384D728C3491C0046C017 /* setupParams.swift */,
				CE757CC3295F263E0011420E /* ButtonArray.swift */,
				CE757CC5295F26CA0011420E /* ButtonDefinitions.swift */,
			);
			path = Tuner;
			sourceTree = "<group>";
		};
		1D53B37728CA1FC30075BF90 /* Global */ = {
			isa = PBXGroup;
			children = (
				C446DE552528D8E700138D0A /* Info.plist */,
				1DB54A57286E364800AE5FF0 /* Wingdings2.ttf */,
				1D0597CA2894706C00AFE2C7 /* Apple Symbols Regular.ttf */,
				176E7F1D25380CAF00602020 /* Colors.xcassets */,
				C446DE4D2528D8E700138D0A /* Assets.xcassets */,
			);
			path = Global;
			sourceTree = "<group>";
		};
		C446DE3B2528D8E600138D0A = {
			isa = PBXGroup;
			children = (
				1D4903CC28C35A70002BF0B4 /* StoreObjects */,
				C446DE462528D8E600138D0A /* HTK */,
				C446DE5D2528D8E800138D0A /* Tests */,
				CE8DCF5E295F6059001972D4 /* HarmonicaToolkitTests */,
				C446DE452528D8E600138D0A /* Products */,
				CE757CBA295EED880011420E /* Frameworks */,
			);
			sourceTree = "<group>";
		};
		C446DE452528D8E600138D0A /* Products */ = {
			isa = PBXGroup;
			children = (
				C446DE442528D8E600138D0A /* HarmonicaToolkit.app */,
				CE8DCF5D295F6059001972D4 /* HarmonicaToolkitTests.xctest */,
			);
			name = Products;
			sourceTree = "<group>";
		};
		C446DE462528D8E600138D0A /* HTK */ = {
			isa = PBXGroup;
			children = (
				1D1BC6EB28D37F3F00F672A4 /* App_Resources */,
				1D53B37728CA1FC30075BF90 /* Global */,
				1D53B37628CA1F480075BF90 /* Tuner */,
				1D53B37428CA1F210075BF90 /* Store */,
			);
			path = HTK;
			sourceTree = "<group>";
		};
		C446DE5D2528D8E800138D0A /* Tests */ = {
			isa = PBXGroup;
			children = (
				C446DE602528D8E800138D0A /* Info.plist */,
			);
			path = Tests;
			sourceTree = "<group>";
		};
		CE757CBA295EED880011420E /* Frameworks */ = {
			isa = PBXGroup;
			children = (
			);
			name = Frameworks;
			sourceTree = "<group>";
		};
		CE8DCF5E295F6059001972D4 /* HarmonicaToolkitTests */ = {
			isa = PBXGroup;
			children = (
				1D7DF65D295B0DFC00D33FE1 /* BespokePitchTap.swift */,
				CE8DCF5F295F6059001972D4 /* HarmonicaToolkitTests.swift */,
			);
			path = HarmonicaToolkitTests;
			sourceTree = "<group>";
		};
/* End PBXGroup section */

/* Begin PBXNativeTarget section */
		C446DE432528D8E600138D0A /* HarmonicaToolkit */ = {
			isa = PBXNativeTarget;
			buildConfigurationList = C446DE6E2528D8E800138D0A /* Build configuration list for PBXNativeTarget "HarmonicaToolkit" */;
			buildPhases = (
				C446DE402528D8E600138D0A /* Sources */,
				C446DE412528D8E600138D0A /* Frameworks */,
				C446DE422528D8E600138D0A /* Resources */,
			);
			buildRules = (
			);
			dependencies = (
			);
			name = HarmonicaToolkit;
			packageProductDependencies = (
				1DA35E0428CD0FF500969FB4 /* AudioKit */,
				1DA35E0728CD100A00969FB4 /* AudioKitEX */,
				1DA35E0A28CD102600969FB4 /* DunneAudioKit */,
				1DA35E0D28CD104100969FB4 /* SoundpipeAudioKit */,
				1DA35E1028CD105A00969FB4 /* SporthAudioKit */,
				1DA35E1328CD109300969FB4 /* GoogleMobileAds */,
			);
			productName = Cookbook;
			productReference = C446DE442528D8E600138D0A /* HarmonicaToolkit.app */;
			productType = "com.apple.product-type.application";
		};
		CE8DCF5C295F6059001972D4 /* HarmonicaToolkitTests */ = {
			isa = PBXNativeTarget;
			buildConfigurationList = CE8DCF65295F6059001972D4 /* Build configuration list for PBXNativeTarget "HarmonicaToolkitTests" */;
			buildPhases = (
				CE8DCF59295F6059001972D4 /* Sources */,
				CE8DCF5A295F6059001972D4 /* Frameworks */,
				CE8DCF5B295F6059001972D4 /* Resources */,
			);
			buildRules = (
			);
			dependencies = (
				CE8DCF62295F6059001972D4 /* PBXTargetDependency */,
			);
			name = HarmonicaToolkitTests;
			packageProductDependencies = (
				CE8DCF66295F626B001972D4 /* AudioKit */,
				CE8DCF68295F6270001972D4 /* AudioKitEX */,
				CE8DCF6A295F6274001972D4 /* SoundpipeAudioKit */,
			);
			productName = HarmonicaToolkitTests;
			productReference = CE8DCF5D295F6059001972D4 /* HarmonicaToolkitTests.xctest */;
			productType = "com.apple.product-type.bundle.unit-test";
		};
/* End PBXNativeTarget section */

/* Begin PBXProject section */
		C446DE3C2528D8E600138D0A /* Project object */ = {
			isa = PBXProject;
			attributes = {
				LastSwiftUpdateCheck = 1420;
				LastUpgradeCheck = 1230;
				TargetAttributes = {
					C446DE432528D8E600138D0A = {
						CreatedOnToolsVersion = 12.0;
					};
					CE8DCF5C295F6059001972D4 = {
						CreatedOnToolsVersion = 14.2;
						TestTargetID = C446DE432528D8E600138D0A;
					};
				};
			};
			buildConfigurationList = C446DE3F2528D8E600138D0A /* Build configuration list for PBXProject "HarmonicaToolkit" */;
			compatibilityVersion = "Xcode 14.0";
			developmentRegion = en;
			hasScannedForEncodings = 0;
			knownRegions = (
				en,
				Base,
			);
			mainGroup = C446DE3B2528D8E600138D0A;
			packageReferences = (
				1DA35E0328CD0FF500969FB4 /* XCRemoteSwiftPackageReference "AudioKit" */,
				1DA35E0628CD100A00969FB4 /* XCRemoteSwiftPackageReference "AudioKitEX" */,
				1DA35E0928CD102600969FB4 /* XCRemoteSwiftPackageReference "DunneAudioKit" */,
				1DA35E0C28CD104100969FB4 /* XCRemoteSwiftPackageReference "SoundpipeAudioKit" */,
				1DA35E0F28CD105A00969FB4 /* XCRemoteSwiftPackageReference "SporthAudioKit" */,
				1DA35E1228CD109300969FB4 /* XCRemoteSwiftPackageReference "swift-package-manager-google-mobile-ads" */,
			);
			productRefGroup = C446DE452528D8E600138D0A /* Products */;
			projectDirPath = "";
			projectRoot = "";
			targets = (
				C446DE432528D8E600138D0A /* HarmonicaToolkit */,
				CE8DCF5C295F6059001972D4 /* HarmonicaToolkitTests */,
			);
		};
/* End PBXProject section */

/* Begin PBXResourcesBuildPhase section */
		C446DE422528D8E600138D0A /* Resources */ = {
			isa = PBXResourcesBuildPhase;
			buildActionMask = 2147483647;
			files = (
				1D692FCF28D384DD0084CBCD /* HarmonicaToolkit.entitlements in Resources */,
				176E7F1E25380CAF00602020 /* Colors.xcassets in Resources */,
				1D2A6D4628C373EF006C0A49 /* Products.storekit in Resources */,
				1D0597C9289429B200AFE2C7 /* pianoNotes.plist in Resources */,
				1DE536B22868A19F001FB927 /* richterHarmonica.plist in Resources */,
				1D2A6D4428C372CC006C0A49 /* Products.plist in Resources */,
				C446DE4E2528D8E700138D0A /* Assets.xcassets in Resources */,
				1D2A6D4128C370DE006C0A49 /* Descriptions.plist in Resources */,
				1DB54A58286E364800AE5FF0 /* Wingdings2.ttf in Resources */,
			);
			runOnlyForDeploymentPostprocessing = 0;
		};
		CE8DCF5B295F6059001972D4 /* Resources */ = {
			isa = PBXResourcesBuildPhase;
			buildActionMask = 2147483647;
			files = (
			);
			runOnlyForDeploymentPostprocessing = 0;
		};
/* End PBXResourcesBuildPhase section */

/* Begin PBXSourcesBuildPhase section */
		C446DE402528D8E600138D0A /* Sources */ = {
			isa = PBXSourcesBuildPhase;
			buildActionMask = 2147483647;
			files = (
				1D2A6D3E28C362F9006C0A49 /* BuyButtonStyle.swift in Sources */,
				C446DE482528D8E600138D0A /* AppDelegate.swift in Sources */,
				1D45BE0128C8AD2500823044 /* StatusInfoView.swift in Sources */,
				1DC0D4C3295DF629005AAB14 /* MasterView.swift in Sources */,
				1D2A6D3628C361E4006C0A49 /* StoreView.swift in Sources */,
				1D3800E9295C888D00F5230D /* TunerConductor1.swift in Sources */,
				1D2A6D3A28C362DD006C0A49 /* ListCellView.swift in Sources */,
				CE757CC2295F25390011420E /* InterfaceButtonView.swift in Sources */,
				1D8384D628C348D20046C017 /* GridView.swift in Sources */,
				1D2A6D3828C362CE006C0A49 /* ProductDetailView.swift in Sources */,
				1D2A6D3C28C362EF006C0A49 /* Store.swift in Sources */,
				C446DF032528D9CA00138D0A /* TunerView.swift in Sources */,
				C446DE4C2528D8E600138D0A /* ContentView.swift in Sources */,
				1D8384D828C3491C0046C017 /* setupParams.swift in Sources */,
				1D45BE0228C8AD2500823044 /* SubscriptionsView.swift in Sources */,
				1DB88B0828C53FB400A1CBA4 /* SubscriptionInfoSheetView.swift in Sources */,
				1D2E96E828C750A700B68342 /* HelpView.swift in Sources */,
				1D2A6D4828C3CC28006C0A49 /* OrientationExt.swift in Sources */,
				176E7F2C253A13AB00602020 /* SplashView.swift in Sources */,
				CE757CC6295F26CA0011420E /* ButtonDefinitions.swift in Sources */,
				1D7CB7C92898592E005BFF68 /* BannerAdsView.swift in Sources */,
				6350E7CD27A9360200D0F510 /* KeyboardView.swift in Sources */,
				CE757CC4295F263E0011420E /* ButtonArray.swift in Sources */,
			);
			runOnlyForDeploymentPostprocessing = 0;
		};
		CE8DCF59295F6059001972D4 /* Sources */ = {
			isa = PBXSourcesBuildPhase;
			buildActionMask = 2147483647;
			files = (
				CE8DCF6C295F6338001972D4 /* BespokePitchTap.swift in Sources */,
				CE8DCF60295F6059001972D4 /* HarmonicaToolkitTests.swift in Sources */,
			);
			runOnlyForDeploymentPostprocessing = 0;
		};
/* End PBXSourcesBuildPhase section */

/* Begin PBXTargetDependency section */
		CE8DCF62295F6059001972D4 /* PBXTargetDependency */ = {
			isa = PBXTargetDependency;
			target = C446DE432528D8E600138D0A /* HarmonicaToolkit */;
			targetProxy = CE8DCF61295F6059001972D4 /* PBXContainerItemProxy */;
		};
/* End PBXTargetDependency section */

/* Begin XCBuildConfiguration section */
		C446DE6C2528D8E800138D0A /* Debug */ = {
			isa = XCBuildConfiguration;
			buildSettings = {
				ALWAYS_SEARCH_USER_PATHS = NO;
				CLANG_ANALYZER_NONNULL = YES;
				CLANG_ANALYZER_NUMBER_OBJECT_CONVERSION = YES_AGGRESSIVE;
				CLANG_CXX_LANGUAGE_STANDARD = "gnu++14";
				CLANG_CXX_LIBRARY = "libc++";
				CLANG_ENABLE_MODULES = YES;
				CLANG_ENABLE_OBJC_ARC = YES;
				CLANG_ENABLE_OBJC_WEAK = YES;
				CLANG_WARN_BLOCK_CAPTURE_AUTORELEASING = YES;
				CLANG_WARN_BOOL_CONVERSION = YES;
				CLANG_WARN_COMMA = YES;
				CLANG_WARN_CONSTANT_CONVERSION = YES;
				CLANG_WARN_DEPRECATED_OBJC_IMPLEMENTATIONS = YES;
				CLANG_WARN_DIRECT_OBJC_ISA_USAGE = YES_ERROR;
				CLANG_WARN_DOCUMENTATION_COMMENTS = YES;
				CLANG_WARN_EMPTY_BODY = YES;
				CLANG_WARN_ENUM_CONVERSION = YES;
				CLANG_WARN_INFINITE_RECURSION = YES;
				CLANG_WARN_INT_CONVERSION = YES;
				CLANG_WARN_NON_LITERAL_NULL_CONVERSION = YES;
				CLANG_WARN_OBJC_IMPLICIT_RETAIN_SELF = YES;
				CLANG_WARN_OBJC_LITERAL_CONVERSION = YES;
				CLANG_WARN_OBJC_ROOT_CLASS = YES_ERROR;
				CLANG_WARN_QUOTED_INCLUDE_IN_FRAMEWORK_HEADER = YES;
				CLANG_WARN_RANGE_LOOP_ANALYSIS = YES;
				CLANG_WARN_STRICT_PROTOTYPES = YES;
				CLANG_WARN_SUSPICIOUS_MOVE = YES;
				CLANG_WARN_UNGUARDED_AVAILABILITY = YES_AGGRESSIVE;
				CLANG_WARN_UNREACHABLE_CODE = YES;
				CLANG_WARN__DUPLICATE_METHOD_MATCH = YES;
				COPY_PHASE_STRIP = NO;
				DEBUG_INFORMATION_FORMAT = dwarf;
				ENABLE_STRICT_OBJC_MSGSEND = YES;
				ENABLE_TESTABILITY = YES;
				GCC_C_LANGUAGE_STANDARD = gnu11;
				GCC_DYNAMIC_NO_PIC = NO;
				GCC_NO_COMMON_BLOCKS = YES;
				GCC_OPTIMIZATION_LEVEL = 0;
				GCC_PREPROCESSOR_DEFINITIONS = (
					"DEBUG=1",
					"$(inherited)",
				);
				GCC_WARN_64_TO_32_BIT_CONVERSION = YES;
				GCC_WARN_ABOUT_RETURN_TYPE = YES_ERROR;
				GCC_WARN_UNDECLARED_SELECTOR = YES;
				GCC_WARN_UNINITIALIZED_AUTOS = YES_AGGRESSIVE;
				GCC_WARN_UNUSED_FUNCTION = YES;
				GCC_WARN_UNUSED_VARIABLE = YES;
				IPHONEOS_DEPLOYMENT_TARGET = 15.2;
				MTL_ENABLE_DEBUG_INFO = INCLUDE_SOURCE;
				MTL_FAST_MATH = YES;
				ONLY_ACTIVE_ARCH = YES;
				SDKROOT = iphoneos;
				SWIFT_ACTIVE_COMPILATION_CONDITIONS = DEBUG;
				SWIFT_OPTIMIZATION_LEVEL = "-Onone";
			};
			name = Debug;
		};
		C446DE6D2528D8E800138D0A /* Release */ = {
			isa = XCBuildConfiguration;
			buildSettings = {
				ALWAYS_SEARCH_USER_PATHS = NO;
				CLANG_ANALYZER_NONNULL = YES;
				CLANG_ANALYZER_NUMBER_OBJECT_CONVERSION = YES_AGGRESSIVE;
				CLANG_CXX_LANGUAGE_STANDARD = "gnu++14";
				CLANG_CXX_LIBRARY = "libc++";
				CLANG_ENABLE_MODULES = YES;
				CLANG_ENABLE_OBJC_ARC = YES;
				CLANG_ENABLE_OBJC_WEAK = YES;
				CLANG_WARN_BLOCK_CAPTURE_AUTORELEASING = YES;
				CLANG_WARN_BOOL_CONVERSION = YES;
				CLANG_WARN_COMMA = YES;
				CLANG_WARN_CONSTANT_CONVERSION = YES;
				CLANG_WARN_DEPRECATED_OBJC_IMPLEMENTATIONS = YES;
				CLANG_WARN_DIRECT_OBJC_ISA_USAGE = YES_ERROR;
				CLANG_WARN_DOCUMENTATION_COMMENTS = YES;
				CLANG_WARN_EMPTY_BODY = YES;
				CLANG_WARN_ENUM_CONVERSION = YES;
				CLANG_WARN_INFINITE_RECURSION = YES;
				CLANG_WARN_INT_CONVERSION = YES;
				CLANG_WARN_NON_LITERAL_NULL_CONVERSION = YES;
				CLANG_WARN_OBJC_IMPLICIT_RETAIN_SELF = YES;
				CLANG_WARN_OBJC_LITERAL_CONVERSION = YES;
				CLANG_WARN_OBJC_ROOT_CLASS = YES_ERROR;
				CLANG_WARN_QUOTED_INCLUDE_IN_FRAMEWORK_HEADER = YES;
				CLANG_WARN_RANGE_LOOP_ANALYSIS = YES;
				CLANG_WARN_STRICT_PROTOTYPES = YES;
				CLANG_WARN_SUSPICIOUS_MOVE = YES;
				CLANG_WARN_UNGUARDED_AVAILABILITY = YES_AGGRESSIVE;
				CLANG_WARN_UNREACHABLE_CODE = YES;
				CLANG_WARN__DUPLICATE_METHOD_MATCH = YES;
				COPY_PHASE_STRIP = NO;
				DEBUG_INFORMATION_FORMAT = "dwarf-with-dsym";
				ENABLE_NS_ASSERTIONS = NO;
				ENABLE_STRICT_OBJC_MSGSEND = YES;
				GCC_C_LANGUAGE_STANDARD = gnu11;
				GCC_NO_COMMON_BLOCKS = YES;
				GCC_WARN_64_TO_32_BIT_CONVERSION = YES;
				GCC_WARN_ABOUT_RETURN_TYPE = YES_ERROR;
				GCC_WARN_UNDECLARED_SELECTOR = YES;
				GCC_WARN_UNINITIALIZED_AUTOS = YES_AGGRESSIVE;
				GCC_WARN_UNUSED_FUNCTION = YES;
				GCC_WARN_UNUSED_VARIABLE = YES;
				IPHONEOS_DEPLOYMENT_TARGET = 15.2;
				MTL_ENABLE_DEBUG_INFO = NO;
				MTL_FAST_MATH = YES;
				SDKROOT = iphoneos;
				SWIFT_COMPILATION_MODE = wholemodule;
				SWIFT_OPTIMIZATION_LEVEL = "-O";
				VALIDATE_PRODUCT = YES;
			};
			name = Release;
		};
		C446DE6F2528D8E800138D0A /* Debug */ = {
			isa = XCBuildConfiguration;
			buildSettings = {
				ASSETCATALOG_COMPILER_APPICON_NAME = "HTK-AppIcon";
				ASSETCATALOG_COMPILER_GLOBAL_ACCENT_COLOR_NAME = AccentColor;
				CODE_SIGN_ENTITLEMENTS = "";
				"CODE_SIGN_IDENTITY[sdk=macosx*]" = "-";
				CODE_SIGN_STYLE = Automatic;
				CURRENT_PROJECT_VERSION = 1.0;
				DEVELOPMENT_ASSET_PATHS = "";
				DEVELOPMENT_TEAM = 7Y25C5GF6M;
				ENABLE_HARDENED_RUNTIME = NO;
				"ENABLE_HARDENED_RUNTIME[sdk=macosx*]" = YES;
				ENABLE_PREVIEWS = YES;
				GENERATE_INFOPLIST_FILE = YES;
				INFOPLIST_FILE = HTK/Global/Info.plist;
				INFOPLIST_KEY_CFBundleDisplayName = "Harmonica Toolkit";
				INFOPLIST_KEY_LSApplicationCategoryType = "";
				INFOPLIST_KEY_NSMicrophoneUsageDescription = "We use the microphone to demonstrate processing input.";
				INFOPLIST_KEY_UIApplicationSupportsIndirectInputEvents = YES;
				INFOPLIST_KEY_UILaunchStoryboardName = LaunchScreen;
				INFOPLIST_KEY_UIRequiredDeviceCapabilities = armv7;
				INFOPLIST_KEY_UISupportedInterfaceOrientations = UIInterfaceOrientationLandscapeRight;
				INFOPLIST_KEY_UISupportedInterfaceOrientations_iPad = UIInterfaceOrientationLandscapeLeft;
				INFOPLIST_PREPROCESS = YES;
				IPHONEOS_DEPLOYMENT_TARGET = 16.0;
				LD_RUNPATH_SEARCH_PATHS = (
					"$(inherited)",
					"@executable_path/Frameworks",
				);
				MARKETING_VERSION = 1.0;
				"OTHER_LDFLAGS[arch=*]" = "";
				PRODUCT_BUNDLE_IDENTIFIER = "com.rickhardy-HTK-7Y25C5GF6M";
				PRODUCT_NAME = "$(TARGET_NAME)";
				SAMPLE_CODE_DISAMBIGUATOR = "${DEVELOPMENT_TEAM}";
				SUPPORTED_PLATFORMS = "iphoneos iphonesimulator";
				SUPPORTS_MACCATALYST = NO;
				SUPPORTS_MAC_DESIGNED_FOR_IPHONE_IPAD = NO;
				SWIFT_VERSION = 5.0;
				TARGETED_DEVICE_FAMILY = 1;
			};
			name = Debug;
		};
		C446DE702528D8E800138D0A /* Release */ = {
			isa = XCBuildConfiguration;
			buildSettings = {
				ASSETCATALOG_COMPILER_APPICON_NAME = "HTK-AppIcon";
				ASSETCATALOG_COMPILER_GLOBAL_ACCENT_COLOR_NAME = AccentColor;
				CODE_SIGN_ENTITLEMENTS = "";
				"CODE_SIGN_IDENTITY[sdk=macosx*]" = "-";
				CODE_SIGN_STYLE = Automatic;
				CURRENT_PROJECT_VERSION = 1.0;
				DEVELOPMENT_ASSET_PATHS = "";
				DEVELOPMENT_TEAM = 7Y25C5GF6M;
				ENABLE_HARDENED_RUNTIME = NO;
				"ENABLE_HARDENED_RUNTIME[sdk=macosx*]" = YES;
				ENABLE_PREVIEWS = YES;
				GENERATE_INFOPLIST_FILE = YES;
				INFOPLIST_FILE = HTK/Global/Info.plist;
				INFOPLIST_KEY_CFBundleDisplayName = "Harmonica Toolkit";
				INFOPLIST_KEY_LSApplicationCategoryType = "";
				INFOPLIST_KEY_NSMicrophoneUsageDescription = "We use the microphone to demonstrate processing input.";
				INFOPLIST_KEY_UIApplicationSupportsIndirectInputEvents = YES;
				INFOPLIST_KEY_UILaunchStoryboardName = LaunchScreen;
				INFOPLIST_KEY_UIRequiredDeviceCapabilities = armv7;
				INFOPLIST_KEY_UISupportedInterfaceOrientations = UIInterfaceOrientationLandscapeRight;
				INFOPLIST_KEY_UISupportedInterfaceOrientations_iPad = UIInterfaceOrientationLandscapeLeft;
				INFOPLIST_PREPROCESS = YES;
				IPHONEOS_DEPLOYMENT_TARGET = 16.0;
				LD_RUNPATH_SEARCH_PATHS = (
					"$(inherited)",
					"@executable_path/Frameworks",
				);
				MARKETING_VERSION = 1.0;
				PRODUCT_BUNDLE_IDENTIFIER = "com.rickhardy-HTK-7Y25C5GF6M";
				PRODUCT_NAME = "$(TARGET_NAME)";
				SAMPLE_CODE_DISAMBIGUATOR = "${DEVELOPMENT_TEAM}";
				SUPPORTED_PLATFORMS = "iphoneos iphonesimulator";
				SUPPORTS_MACCATALYST = NO;
				SUPPORTS_MAC_DESIGNED_FOR_IPHONE_IPAD = NO;
				SWIFT_VERSION = 5.0;
				TARGETED_DEVICE_FAMILY = 1;
			};
			name = Release;
		};
		CE8DCF63295F6059001972D4 /* Debug */ = {
			isa = XCBuildConfiguration;
			buildSettings = {
				BUNDLE_LOADER = "$(TEST_HOST)";
				CLANG_CXX_LANGUAGE_STANDARD = "gnu++20";
				CODE_SIGN_STYLE = Automatic;
				CURRENT_PROJECT_VERSION = 1;
				DEVELOPMENT_TEAM = 92VMNZH9N8;
				GENERATE_INFOPLIST_FILE = YES;
				IPHONEOS_DEPLOYMENT_TARGET = 16.2;
				MARKETING_VERSION = 1.0;
				PRODUCT_BUNDLE_IDENTIFIER = rickhardy.com.HarmonicaToolkitTests;
				PRODUCT_NAME = "$(TARGET_NAME)";
				SWIFT_EMIT_LOC_STRINGS = NO;
				SWIFT_VERSION = 5.0;
				TARGETED_DEVICE_FAMILY = "1,2";
				TEST_HOST = "$(BUILT_PRODUCTS_DIR)/HarmonicaToolkit.app/$(BUNDLE_EXECUTABLE_FOLDER_PATH)/HarmonicaToolkit";
			};
			name = Debug;
		};
		CE8DCF64295F6059001972D4 /* Release */ = {
			isa = XCBuildConfiguration;
			buildSettings = {
				BUNDLE_LOADER = "$(TEST_HOST)";
				CLANG_CXX_LANGUAGE_STANDARD = "gnu++20";
				CODE_SIGN_STYLE = Automatic;
				CURRENT_PROJECT_VERSION = 1;
				DEVELOPMENT_TEAM = 92VMNZH9N8;
				GENERATE_INFOPLIST_FILE = YES;
				IPHONEOS_DEPLOYMENT_TARGET = 16.2;
				MARKETING_VERSION = 1.0;
				PRODUCT_BUNDLE_IDENTIFIER = rickhardy.com.HarmonicaToolkitTests;
				PRODUCT_NAME = "$(TARGET_NAME)";
				SWIFT_EMIT_LOC_STRINGS = NO;
				SWIFT_VERSION = 5.0;
				TARGETED_DEVICE_FAMILY = "1,2";
				TEST_HOST = "$(BUILT_PRODUCTS_DIR)/HarmonicaToolkit.app/$(BUNDLE_EXECUTABLE_FOLDER_PATH)/HarmonicaToolkit";
			};
			name = Release;
		};
/* End XCBuildConfiguration section */

/* Begin XCConfigurationList section */
		C446DE3F2528D8E600138D0A /* Build configuration list for PBXProject "HarmonicaToolkit" */ = {
			isa = XCConfigurationList;
			buildConfigurations = (
				C446DE6C2528D8E800138D0A /* Debug */,
				C446DE6D2528D8E800138D0A /* Release */,
			);
			defaultConfigurationIsVisible = 0;
			defaultConfigurationName = Release;
		};
		C446DE6E2528D8E800138D0A /* Build configuration list for PBXNativeTarget "HarmonicaToolkit" */ = {
			isa = XCConfigurationList;
			buildConfigurations = (
				C446DE6F2528D8E800138D0A /* Debug */,
				C446DE702528D8E800138D0A /* Release */,
			);
			defaultConfigurationIsVisible = 0;
			defaultConfigurationName = Release;
		};
		CE8DCF65295F6059001972D4 /* Build configuration list for PBXNativeTarget "HarmonicaToolkitTests" */ = {
			isa = XCConfigurationList;
			buildConfigurations = (
				CE8DCF63295F6059001972D4 /* Debug */,
				CE8DCF64295F6059001972D4 /* Release */,
			);
			defaultConfigurationIsVisible = 0;
			defaultConfigurationName = Release;
		};
/* End XCConfigurationList section */

/* Begin XCRemoteSwiftPackageReference section */
		1DA35E0328CD0FF500969FB4 /* XCRemoteSwiftPackageReference "AudioKit" */ = {
			isa = XCRemoteSwiftPackageReference;
			repositoryURL = "https://github.com/AudioKit/AudioKit.git";
			requirement = {
				kind = exactVersion;
				version = 5.3.0;
			};
		};
		1DA35E0628CD100A00969FB4 /* XCRemoteSwiftPackageReference "AudioKitEX" */ = {
			isa = XCRemoteSwiftPackageReference;
			repositoryURL = "https://github.com/AudioKit/AudioKitEX.git";
			requirement = {
				kind = exactVersion;
				version = 5.3.0;
			};
		};
		1DA35E0928CD102600969FB4 /* XCRemoteSwiftPackageReference "DunneAudioKit" */ = {
			isa = XCRemoteSwiftPackageReference;
			repositoryURL = "https://github.com/AudioKit/DunneAudioKit.git";
			requirement = {
				kind = exactVersion;
				version = 5.3.0;
			};
		};
		1DA35E0C28CD104100969FB4 /* XCRemoteSwiftPackageReference "SoundpipeAudioKit" */ = {
			isa = XCRemoteSwiftPackageReference;
			repositoryURL = "https://github.com/AudioKit/SoundpipeAudioKit.git";
			requirement = {
				kind = exactVersion;
				version = 5.3.1;
			};
		};
		1DA35E0F28CD105A00969FB4 /* XCRemoteSwiftPackageReference "SporthAudioKit" */ = {
			isa = XCRemoteSwiftPackageReference;
			repositoryURL = "https://github.com/AudioKit/SporthAudioKit.git";
			requirement = {
				kind = exactVersion;
				version = 5.3.1;
			};
		};
		1DA35E1228CD109300969FB4 /* XCRemoteSwiftPackageReference "swift-package-manager-google-mobile-ads" */ = {
			isa = XCRemoteSwiftPackageReference;
			repositoryURL = "https://github.com/googleads/swift-package-manager-google-mobile-ads.git";
			requirement = {
				branch = main;
				kind = branch;
			};
		};
/* End XCRemoteSwiftPackageReference section */

/* Begin XCSwiftPackageProductDependency section */
		1DA35E0428CD0FF500969FB4 /* AudioKit */ = {
			isa = XCSwiftPackageProductDependency;
			package = 1DA35E0328CD0FF500969FB4 /* XCRemoteSwiftPackageReference "AudioKit" */;
			productName = AudioKit;
		};
		1DA35E0728CD100A00969FB4 /* AudioKitEX */ = {
			isa = XCSwiftPackageProductDependency;
			package = 1DA35E0628CD100A00969FB4 /* XCRemoteSwiftPackageReference "AudioKitEX" */;
			productName = AudioKitEX;
		};
		1DA35E0A28CD102600969FB4 /* DunneAudioKit */ = {
			isa = XCSwiftPackageProductDependency;
			package = 1DA35E0928CD102600969FB4 /* XCRemoteSwiftPackageReference "DunneAudioKit" */;
			productName = DunneAudioKit;
		};
		1DA35E0D28CD104100969FB4 /* SoundpipeAudioKit */ = {
			isa = XCSwiftPackageProductDependency;
			package = 1DA35E0C28CD104100969FB4 /* XCRemoteSwiftPackageReference "SoundpipeAudioKit" */;
			productName = SoundpipeAudioKit;
		};
		1DA35E1028CD105A00969FB4 /* SporthAudioKit */ = {
			isa = XCSwiftPackageProductDependency;
			package = 1DA35E0F28CD105A00969FB4 /* XCRemoteSwiftPackageReference "SporthAudioKit" */;
			productName = SporthAudioKit;
		};
		1DA35E1328CD109300969FB4 /* GoogleMobileAds */ = {
			isa = XCSwiftPackageProductDependency;
			package = 1DA35E1228CD109300969FB4 /* XCRemoteSwiftPackageReference "swift-package-manager-google-mobile-ads" */;
			productName = GoogleMobileAds;
		};
		CE8DCF66295F626B001972D4 /* AudioKit */ = {
			isa = XCSwiftPackageProductDependency;
			package = 1DA35E0328CD0FF500969FB4 /* XCRemoteSwiftPackageReference "AudioKit" */;
			productName = AudioKit;
		};
		CE8DCF68295F6270001972D4 /* AudioKitEX */ = {
			isa = XCSwiftPackageProductDependency;
			package = 1DA35E0628CD100A00969FB4 /* XCRemoteSwiftPackageReference "AudioKitEX" */;
			productName = AudioKitEX;
		};
		CE8DCF6A295F6274001972D4 /* SoundpipeAudioKit */ = {
			isa = XCSwiftPackageProductDependency;
			package = 1DA35E0C28CD104100969FB4 /* XCRemoteSwiftPackageReference "SoundpipeAudioKit" */;
			productName = SoundpipeAudioKit;
		};
/* End XCSwiftPackageProductDependency section */
	};
	rootObject = C446DE3C2528D8E600138D0A /* Project object */;
}
